Microsoft Visual Studio Solution File, Format Version 12.00
# Visual Studio 15
VisualStudioVersion = 15.0.27130.2036
MinimumVisualStudioVersion = 10.0.40219.1
Project("{9A19103F-16F7-4668-BE54-9A1E7A4F7556}") = "SortProjectItems", "SortProjectItems\SortProjectItems.csproj", "{C4A2CF09-E004-4769-B280-6298A6C0876C}"
EndProject
Project("{9A19103F-16F7-4668-BE54-9A1E7A4F7556}") = "MoveUsings", "MoveUsings\MoveUsings.csproj", "{6263F54D-091A-450E-A82D-6E1B0DF36CFB}"
EndProject
Project("{9A19103F-16F7-4668-BE54-9A1E7A4F7556}") = "FindProjectsWithSameGuid", "FindProjectsWithSameGuid\FindProjectsWithSameGuid.csproj", "{DE6EA204-1AA9-4BCF-82BA-EA867DC2FBBF}"
EndProject
Project("{9A19103F-16F7-4668-BE54-9A1E7A4F7556}") = "FormatSolution", "FormatSolution\FormatSolution.csproj", "{2DCAC8F7-300B-449E-9657-AE61C69FE7A7}"
EndProject
Project("{9A19103F-16F7-4668-BE54-9A1E7A4F7556}") = "TextAndWhitespace", "TextAndWhitespace\TextAndWhitespace.csproj", "{FF55CEC1-95E7-4DA9-B30B-1A2743C8AEAC}"
EndProject
Project("{9A19103F-16F7-4668-BE54-9A1E7A4F7556}") = "LOC", "LOC\LOC.csproj", "{941B8B48-3D74-4EAA-A852-5F4D2EE3561B}"
EndProject
Project("{9A19103F-16F7-4668-BE54-9A1E7A4F7556}") = "FileTypes", "FileTypes\FileTypes.csproj", "{9C965CE4-2E58-4EF2-9A07-1EB132A815E4}"
EndProject
Project("{9A19103F-16F7-4668-BE54-9A1E7A4F7556}") = "ListBinaryInfo", "ListBinaryInfo\ListBinaryInfo.csproj", "{DD4CDF3C-806F-44C7-ADF6-2F73CAC199AD}"
EndProject
Project("{9A19103F-16F7-4668-BE54-9A1E7A4F7556}") = "FindDuplicateFiles", "FindDuplicateFiles\FindDuplicateFiles.csproj", "{F71DD4B8-E30D-4548-A59E-CCEAF012DD24}"
EndProject
Project("{9A19103F-16F7-4668-BE54-9A1E7A4F7556}") = "FindConflictingReferences", "FindConflictingReferences\FindConflictingReferences.csproj", "{B4012437-18E5-4C06-B0A1-79292A5CFEA3}"
EndProject
Project("{9A19103F-16F7-4668-BE54-9A1E7A4F7556}") = "RemoveDuplicateItems", "RemoveDuplicateItems\RemoveDuplicateItems.csproj", "{A84EF45A-497D-4949-AEAC-69E2BF73C97F}"
EndProject
Project("{9A19103F-16F7-4668-BE54-9A1E7A4F7556}") = "Touch", "Touch\Touch.csproj", "{6178BB59-2B2B-48E1-8EC6-A76227379952}"
EndProject
Project("{9A19103F-16F7-4668-BE54-9A1E7A4F7556}") = "bin2hex", "bin2hex\bin2hex.csproj", "{BD195B29-1385-4AD9-9DEA-3FE0AA237DD2}"
EndProject
Project("{9A19103F-16F7-4668-BE54-9A1E7A4F7556}") = "Time", "Time\Time.csproj", "{0EF0F305-1BD0-4B8D-8C16-22720A28504A}"
EndProject
Project("{9A19103F-16F7-4668-BE54-9A1E7A4F7556}") = "FindDuplicateFilesUI", "FindDuplicateFilesUI\FindDuplicateFilesUI.csproj", "{A2AF0DEB-A3EC-48E0-9B3A-B2AFA9F49773}"
EndProject
Project("{9A19103F-16F7-4668-BE54-9A1E7A4F7556}") = "sha", "sha\sha.csproj", "{48F5B934-8BD4-4F92-907B-87B29F0747EC}"
EndProject
Project("{9A19103F-16F7-4668-BE54-9A1E7A4F7556}") = "dos2unix", "dos2unix\dos2unix.csproj", "{1102E3FC-C1D1-4129-8ED4-08197CC84021}"
EndProject
Global
	GlobalSection(SolutionConfigurationPlatforms) = preSolution
		Debug|Mixed Platforms = Debug|Mixed Platforms
		Release|Mixed Platforms = Release|Mixed Platforms
	EndGlobalSection
	GlobalSection(ProjectConfigurationPlatforms) = postSolution
		{C4A2CF09-E004-4769-B280-6298A6C0876C}.Debug|Mixed Platforms.ActiveCfg = Debug|Any CPU
		{C4A2CF09-E004-4769-B280-6298A6C0876C}.Debug|Mixed Platforms.Build.0 = Debug|Any CPU
		{C4A2CF09-E004-4769-B280-6298A6C0876C}.Release|Mixed Platforms.ActiveCfg = Release|Any CPU
		{C4A2CF09-E004-4769-B280-6298A6C0876C}.Release|Mixed Platforms.Build.0 = Release|Any CPU
		{6263F54D-091A-450E-A82D-6E1B0DF36CFB}.Debug|Mixed Platforms.ActiveCfg = Debug|Any CPU
		{6263F54D-091A-450E-A82D-6E1B0DF36CFB}.Debug|Mixed Platforms.Build.0 = Debug|Any CPU
		{6263F54D-091A-450E-A82D-6E1B0DF36CFB}.Release|Mixed Platforms.ActiveCfg = Release|Any CPU
		{6263F54D-091A-450E-A82D-6E1B0DF36CFB}.Release|Mixed Platforms.Build.0 = Release|Any CPU
		{DE6EA204-1AA9-4BCF-82BA-EA867DC2FBBF}.Debug|Mixed Platforms.ActiveCfg = Debug|Any CPU
		{DE6EA204-1AA9-4BCF-82BA-EA867DC2FBBF}.Debug|Mixed Platforms.Build.0 = Debug|Any CPU
		{DE6EA204-1AA9-4BCF-82BA-EA867DC2FBBF}.Release|Mixed Platforms.ActiveCfg = Release|Any CPU
		{DE6EA204-1AA9-4BCF-82BA-EA867DC2FBBF}.Release|Mixed Platforms.Build.0 = Release|Any CPU
		{2DCAC8F7-300B-449E-9657-AE61C69FE7A7}.Debug|Mixed Platforms.ActiveCfg = Debug|Any CPU
		{2DCAC8F7-300B-449E-9657-AE61C69FE7A7}.Debug|Mixed Platforms.Build.0 = Debug|Any CPU
		{2DCAC8F7-300B-449E-9657-AE61C69FE7A7}.Release|Mixed Platforms.ActiveCfg = Release|Any CPU
		{2DCAC8F7-300B-449E-9657-AE61C69FE7A7}.Release|Mixed Platforms.Build.0 = Release|Any CPU
		{FF55CEC1-95E7-4DA9-B30B-1A2743C8AEAC}.Debug|Mixed Platforms.ActiveCfg = Debug|Any CPU
		{FF55CEC1-95E7-4DA9-B30B-1A2743C8AEAC}.Debug|Mixed Platforms.Build.0 = Debug|Any CPU
		{FF55CEC1-95E7-4DA9-B30B-1A2743C8AEAC}.Release|Mixed Platforms.ActiveCfg = Release|Any CPU
		{FF55CEC1-95E7-4DA9-B30B-1A2743C8AEAC}.Release|Mixed Platforms.Build.0 = Release|Any CPU
		{941B8B48-3D74-4EAA-A852-5F4D2EE3561B}.Debug|Mixed Platforms.ActiveCfg = Debug|Any CPU
		{941B8B48-3D74-4EAA-A852-5F4D2EE3561B}.Debug|Mixed Platforms.Build.0 = Debug|Any CPU
		{941B8B48-3D74-4EAA-A852-5F4D2EE3561B}.Release|Mixed Platforms.ActiveCfg = Release|Any CPU
		{941B8B48-3D74-4EAA-A852-5F4D2EE3561B}.Release|Mixed Platforms.Build.0 = Release|Any CPU
		{9C965CE4-2E58-4EF2-9A07-1EB132A815E4}.Debug|Mixed Platforms.ActiveCfg = Debug|Any CPU
		{9C965CE4-2E58-4EF2-9A07-1EB132A815E4}.Debug|Mixed Platforms.Build.0 = Debug|Any CPU
		{9C965CE4-2E58-4EF2-9A07-1EB132A815E4}.Release|Mixed Platforms.ActiveCfg = Release|Any CPU
		{9C965CE4-2E58-4EF2-9A07-1EB132A815E4}.Release|Mixed Platforms.Build.0 = Release|Any CPU
		{DD4CDF3C-806F-44C7-ADF6-2F73CAC199AD}.Debug|Mixed Platforms.ActiveCfg = Debug|Any CPU
		{DD4CDF3C-806F-44C7-ADF6-2F73CAC199AD}.Debug|Mixed Platforms.Build.0 = Debug|Any CPU
		{DD4CDF3C-806F-44C7-ADF6-2F73CAC199AD}.Release|Mixed Platforms.ActiveCfg = Release|Any CPU
		{DD4CDF3C-806F-44C7-ADF6-2F73CAC199AD}.Release|Mixed Platforms.Build.0 = Release|Any CPU
		{F71DD4B8-E30D-4548-A59E-CCEAF012DD24}.Debug|Mixed Platforms.ActiveCfg = Debug|Any CPU
		{F71DD4B8-E30D-4548-A59E-CCEAF012DD24}.Debug|Mixed Platforms.Build.0 = Debug|Any CPU
		{F71DD4B8-E30D-4548-A59E-CCEAF012DD24}.Release|Mixed Platforms.ActiveCfg = Release|Any CPU
		{F71DD4B8-E30D-4548-A59E-CCEAF012DD24}.Release|Mixed Platforms.Build.0 = Release|Any CPU
		{B4012437-18E5-4C06-B0A1-79292A5CFEA3}.Debug|Mixed Platforms.ActiveCfg = Debug|Any CPU
		{B4012437-18E5-4C06-B0A1-79292A5CFEA3}.Debug|Mixed Platforms.Build.0 = Debug|Any CPU
		{B4012437-18E5-4C06-B0A1-79292A5CFEA3}.Release|Mixed Platforms.ActiveCfg = Release|Any CPU
		{B4012437-18E5-4C06-B0A1-79292A5CFEA3}.Release|Mixed Platforms.Build.0 = Release|Any CPU
		{A84EF45A-497D-4949-AEAC-69E2BF73C97F}.Debug|Mixed Platforms.ActiveCfg = Debug|Any CPU
		{A84EF45A-497D-4949-AEAC-69E2BF73C97F}.Debug|Mixed Platforms.Build.0 = Debug|Any CPU
		{A84EF45A-497D-4949-AEAC-69E2BF73C97F}.Release|Mixed Platforms.ActiveCfg = Release|Any CPU
		{A84EF45A-497D-4949-AEAC-69E2BF73C97F}.Release|Mixed Platforms.Build.0 = Release|Any CPU
		{6178BB59-2B2B-48E1-8EC6-A76227379952}.Debug|Mixed Platforms.ActiveCfg = Debug|Any CPU
		{6178BB59-2B2B-48E1-8EC6-A76227379952}.Debug|Mixed Platforms.Build.0 = Debug|Any CPU
		{6178BB59-2B2B-48E1-8EC6-A76227379952}.Release|Mixed Platforms.ActiveCfg = Release|Any CPU
		{6178BB59-2B2B-48E1-8EC6-A76227379952}.Release|Mixed Platforms.Build.0 = Release|Any CPU
		{BD195B29-1385-4AD9-9DEA-3FE0AA237DD2}.Debug|Mixed Platforms.ActiveCfg = Debug|Any CPU
		{BD195B29-1385-4AD9-9DEA-3FE0AA237DD2}.Debug|Mixed Platforms.Build.0 = Debug|Any CPU
		{BD195B29-1385-4AD9-9DEA-3FE0AA237DD2}.Release|Mixed Platforms.ActiveCfg = Release|Any CPU
		{BD195B29-1385-4AD9-9DEA-3FE0AA237DD2}.Release|Mixed Platforms.Build.0 = Release|Any CPU
		{0EF0F305-1BD0-4B8D-8C16-22720A28504A}.Debug|Mixed Platforms.ActiveCfg = Debug|Any CPU
		{0EF0F305-1BD0-4B8D-8C16-22720A28504A}.Debug|Mixed Platforms.Build.0 = Debug|Any CPU
		{0EF0F305-1BD0-4B8D-8C16-22720A28504A}.Release|Mixed Platforms.ActiveCfg = Release|Any CPU
		{0EF0F305-1BD0-4B8D-8C16-22720A28504A}.Release|Mixed Platforms.Build.0 = Release|Any CPU
		{A2AF0DEB-A3EC-48E0-9B3A-B2AFA9F49773}.Debug|Mixed Platforms.ActiveCfg = Debug|Any CPU
		{A2AF0DEB-A3EC-48E0-9B3A-B2AFA9F49773}.Debug|Mixed Platforms.Build.0 = Debug|Any CPU
		{A2AF0DEB-A3EC-48E0-9B3A-B2AFA9F49773}.Release|Mixed Platforms.ActiveCfg = Release|Any CPU
		{A2AF0DEB-A3EC-48E0-9B3A-B2AFA9F49773}.Release|Mixed Platforms.Build.0 = Release|Any CPU
		{48F5B934-8BD4-4F92-907B-87B29F0747EC}.Debug|Mixed Platforms.ActiveCfg = Debug|Any CPU
		{48F5B934-8BD4-4F92-907B-87B29F0747EC}.Debug|Mixed Platforms.Build.0 = Debug|Any CPU
		{48F5B934-8BD4-4F92-907B-87B29F0747EC}.Release|Mixed Platforms.ActiveCfg = Release|Any CPU
		{48F5B934-8BD4-4F92-907B-87B29F0747EC}.Release|Mixed Platforms.Build.0 = Release|Any CPU
		{1102E3FC-C1D1-4129-8ED4-08197CC84021}.Debug|Mixed Platforms.ActiveCfg = Debug|Any CPU
		{1102E3FC-C1D1-4129-8ED4-08197CC84021}.Debug|Mixed Platforms.Build.0 = Debug|Any CPU
		{1102E3FC-C1D1-4129-8ED4-08197CC84021}.Release|Mixed Platforms.ActiveCfg = Release|Any CPU
		{1102E3FC-C1D1-4129-8ED4-08197CC84021}.Release|Mixed Platforms.Build.0 = Release|Any CPU
	EndGlobalSection
	GlobalSection(SolutionProperties) = preSolution
		HideSolutionNode = FALSE
	EndGlobalSection
	GlobalSection(ExtensibilityGlobals) = postSolution
		SolutionGuid = {3AF84CE6-979F-4F62-B06F-B74E2296C8B4}
	EndGlobalSection
EndGlobal
