
Microsoft Visual Studio Solution File, Format Version 12.00
# Visual Studio 14
VisualStudioVersion = 14.0.23107.0
MinimumVisualStudioVersion = 10.0.40219.1
Project("{FAE04EC0-301F-11D3-BF4B-00C04F79EFBC}") = "SortProjectItems", "SortProjectItems\SortProjectItems.csproj", "{C4A2CF09-E004-4769-B280-6298A6C0876C}"
EndProject
Project("{FAE04EC0-301F-11D3-BF4B-00C04F79EFBC}") = "MoveUsings", "MoveUsings\MoveUsings.csproj", "{6263F54D-091A-450E-A82D-6E1B0DF36CFB}"
EndProject
Project("{FAE04EC0-301F-11D3-BF4B-00C04F79EFBC}") = "FindProjectsWithSameGuid", "FindProjectsWithSameGuid\FindProjectsWithSameGuid.csproj", "{DE6EA204-1AA9-4BCF-82BA-EA867DC2FBBF}"
EndProject
Project("{2150E333-8FDC-42A3-9474-1A3956D46DE8}") = ".nuget", ".nuget", "{71BF9EB6-0000-4CDF-8993-0097ABEE13AF}"
	ProjectSection(SolutionItems) = preProject
		.nuget\NuGet.Config = .nuget\NuGet.Config
		.nuget\NuGet.exe = .nuget\NuGet.exe
		.nuget\NuGet.targets = .nuget\NuGet.targets
	EndProjectSection
EndProject
Project("{FAE04EC0-301F-11D3-BF4B-00C04F79EFBC}") = "FormatSolution", "FormatSolution\FormatSolution.csproj", "{2DCAC8F7-300B-449E-9657-AE61C69FE7A7}"
EndProject
Project("{FAE04EC0-301F-11D3-BF4B-00C04F79EFBC}") = "TextAndWhitespace", "TextAndWhitespace\TextAndWhitespace.csproj", "{FF55CEC1-95E7-4DA9-B30B-1A2743C8AEAC}"
EndProject
Project("{FAE04EC0-301F-11D3-BF4B-00C04F79EFBC}") = "LOC", "LOC\LOC.csproj", "{941B8B48-3D74-4EAA-A852-5F4D2EE3561B}"
EndProject
Project("{FAE04EC0-301F-11D3-BF4B-00C04F79EFBC}") = "FileTypes", "FileTypes\FileTypes.csproj", "{9C965CE4-2E58-4EF2-9A07-1EB132A815E4}"
EndProject
Project("{FAE04EC0-301F-11D3-BF4B-00C04F79EFBC}") = "ListBinaryInfo", "ListBinaryInfo\ListBinaryInfo.csproj", "{DD4CDF3C-806F-44C7-ADF6-2F73CAC199AD}"
EndProject
Project("{FAE04EC0-301F-11D3-BF4B-00C04F79EFBC}") = "FindDuplicateFiles", "FindDuplicateFiles\FindDuplicateFiles.csproj", "{F71DD4B8-E30D-4548-A59E-CCEAF012DD24}"
EndProject
Global
	GlobalSection(SolutionConfigurationPlatforms) = preSolution
		Debug|Any CPU = Debug|Any CPU
		Release|Any CPU = Release|Any CPU
	EndGlobalSection
	GlobalSection(ProjectConfigurationPlatforms) = postSolution
		{C4A2CF09-E004-4769-B280-6298A6C0876C}.Debug|Any CPU.ActiveCfg = Debug|Any CPU
		{C4A2CF09-E004-4769-B280-6298A6C0876C}.Debug|Any CPU.Build.0 = Debug|Any CPU
		{C4A2CF09-E004-4769-B280-6298A6C0876C}.Release|Any CPU.ActiveCfg = Release|Any CPU
		{C4A2CF09-E004-4769-B280-6298A6C0876C}.Release|Any CPU.Build.0 = Release|Any CPU
		{6263F54D-091A-450E-A82D-6E1B0DF36CFB}.Debug|Any CPU.ActiveCfg = Debug|Any CPU
		{6263F54D-091A-450E-A82D-6E1B0DF36CFB}.Debug|Any CPU.Build.0 = Debug|Any CPU
		{6263F54D-091A-450E-A82D-6E1B0DF36CFB}.Release|Any CPU.ActiveCfg = Release|Any CPU
		{6263F54D-091A-450E-A82D-6E1B0DF36CFB}.Release|Any CPU.Build.0 = Release|Any CPU
		{DE6EA204-1AA9-4BCF-82BA-EA867DC2FBBF}.Debug|Any CPU.ActiveCfg = Debug|Any CPU
		{DE6EA204-1AA9-4BCF-82BA-EA867DC2FBBF}.Debug|Any CPU.Build.0 = Debug|Any CPU
		{DE6EA204-1AA9-4BCF-82BA-EA867DC2FBBF}.Release|Any CPU.ActiveCfg = Release|Any CPU
		{DE6EA204-1AA9-4BCF-82BA-EA867DC2FBBF}.Release|Any CPU.Build.0 = Release|Any CPU
		{2DCAC8F7-300B-449E-9657-AE61C69FE7A7}.Debug|Any CPU.ActiveCfg = Debug|Any CPU
		{2DCAC8F7-300B-449E-9657-AE61C69FE7A7}.Debug|Any CPU.Build.0 = Debug|Any CPU
		{2DCAC8F7-300B-449E-9657-AE61C69FE7A7}.Release|Any CPU.ActiveCfg = Release|Any CPU
		{2DCAC8F7-300B-449E-9657-AE61C69FE7A7}.Release|Any CPU.Build.0 = Release|Any CPU
		{FF55CEC1-95E7-4DA9-B30B-1A2743C8AEAC}.Debug|Any CPU.ActiveCfg = Debug|Any CPU
		{FF55CEC1-95E7-4DA9-B30B-1A2743C8AEAC}.Debug|Any CPU.Build.0 = Debug|Any CPU
		{FF55CEC1-95E7-4DA9-B30B-1A2743C8AEAC}.Release|Any CPU.ActiveCfg = Release|Any CPU
		{FF55CEC1-95E7-4DA9-B30B-1A2743C8AEAC}.Release|Any CPU.Build.0 = Release|Any CPU
		{941B8B48-3D74-4EAA-A852-5F4D2EE3561B}.Debug|Any CPU.ActiveCfg = Debug|Any CPU
		{941B8B48-3D74-4EAA-A852-5F4D2EE3561B}.Debug|Any CPU.Build.0 = Debug|Any CPU
		{941B8B48-3D74-4EAA-A852-5F4D2EE3561B}.Release|Any CPU.ActiveCfg = Release|Any CPU
		{941B8B48-3D74-4EAA-A852-5F4D2EE3561B}.Release|Any CPU.Build.0 = Release|Any CPU
		{9C965CE4-2E58-4EF2-9A07-1EB132A815E4}.Debug|Any CPU.ActiveCfg = Debug|Any CPU
		{9C965CE4-2E58-4EF2-9A07-1EB132A815E4}.Debug|Any CPU.Build.0 = Debug|Any CPU
		{9C965CE4-2E58-4EF2-9A07-1EB132A815E4}.Release|Any CPU.ActiveCfg = Release|Any CPU
		{9C965CE4-2E58-4EF2-9A07-1EB132A815E4}.Release|Any CPU.Build.0 = Release|Any CPU
		{DD4CDF3C-806F-44C7-ADF6-2F73CAC199AD}.Debug|Any CPU.ActiveCfg = Debug|Any CPU
		{DD4CDF3C-806F-44C7-ADF6-2F73CAC199AD}.Debug|Any CPU.Build.0 = Debug|Any CPU
		{DD4CDF3C-806F-44C7-ADF6-2F73CAC199AD}.Release|Any CPU.ActiveCfg = Release|Any CPU
		{DD4CDF3C-806F-44C7-ADF6-2F73CAC199AD}.Release|Any CPU.Build.0 = Release|Any CPU
		{F71DD4B8-E30D-4548-A59E-CCEAF012DD24}.Debug|Any CPU.ActiveCfg = Debug|Any CPU
		{F71DD4B8-E30D-4548-A59E-CCEAF012DD24}.Debug|Any CPU.Build.0 = Debug|Any CPU
		{F71DD4B8-E30D-4548-A59E-CCEAF012DD24}.Release|Any CPU.ActiveCfg = Release|Any CPU
		{F71DD4B8-E30D-4548-A59E-CCEAF012DD24}.Release|Any CPU.Build.0 = Release|Any CPU
	EndGlobalSection
	GlobalSection(SolutionProperties) = preSolution
		HideSolutionNode = FALSE
	EndGlobalSection
EndGlobal
